PODS:
  - KYNaviView (0.3.2)
  - KYWebController (0.1.3):
    - KYNaviView (~> 0.3.2)

DEPENDENCIES:
  - KYWebController (from `../`)

SPEC REPOS:
  https://gitee.com/kangpp/kycomponent-spec.git:
    - KYNaviView

EXTERNAL SOURCES:
  KYWebController:
    :path: "../"

SPEC CHECKSUMS:
  KYNaviView: e9eafa30b37a438310623108a19a7d548d087f1f
  KYWebController: 58eaa6786447c656505b4720d2650409eb3c1754

PODFILE CHECKSUM: 40d28f7a8a493f9dcbfbaa035b9c97924165f3fb

COCOAPODS: 1.11.0
